
Microsoft Visual Studio Solution File, Format Version 12.00
# Visual Studio Version 16
VisualStudioVersion = 16.0.30804.86
MinimumVisualStudioVersion = 10.0.40219.1
Project("{9A19103F-16F7-4668-BE54-9A1E7A4F7556}") = "Entities", "Entities\Entities.csproj", "{7B9416C5-131E-4710-89A1-33347C5AFD85}"
EndProject
Project("{9A19103F-16F7-4668-BE54-9A1E7A4F7556}") = "DataAccess", "DataAccess\DataAccess.csproj", "{1C6CFD0A-8B90-44BD-A0C9-A68A2A88D400}"
EndProject
Project("{9A19103F-16F7-4668-BE54-9A1E7A4F7556}") = "Business", "Business\Business.csproj", "{2F442315-A937-4881-9AD8-97C0D2280682}"
EndProject
Project("{9A19103F-16F7-4668-BE54-9A1E7A4F7556}") = "ConsoleUI", "ConsoleUI\ConsoleUI.csproj", "{EC92DC29-AD99-4C00-859F-94514AA74E9F}"
EndProject
Project("{9A19103F-16F7-4668-BE54-9A1E7A4F7556}") = "Core", "Core\Core\Core.csproj", "{D4BE6E4E-2811-4BF9-95EC-CA82F3B01666}"
EndProject
Global
	GlobalSection(SolutionConfigurationPlatforms) = preSolution
		Debug|Any CPU = Debug|Any CPU
		Release|Any CPU = Release|Any CPU
	EndGlobalSection
	GlobalSection(ProjectConfigurationPlatforms) = postSolution
		{7B9416C5-131E-4710-89A1-33347C5AFD85}.Debug|Any CPU.ActiveCfg = Debug|Any CPU
		{7B9416C5-131E-4710-89A1-33347C5AFD85}.Debug|Any CPU.Build.0 = Debug|Any CPU
		{7B9416C5-131E-4710-89A1-33347C5AFD85}.Release|Any CPU.ActiveCfg = Release|Any CPU
		{7B9416C5-131E-4710-89A1-33347C5AFD85}.Release|Any CPU.Build.0 = Release|Any CPU
		{1C6CFD0A-8B90-44BD-A0C9-A68A2A88D400}.Debug|Any CPU.ActiveCfg = Debug|Any CPU
		{1C6CFD0A-8B90-44BD-A0C9-A68A2A88D400}.Debug|Any CPU.Build.0 = Debug|Any CPU
		{1C6CFD0A-8B90-44BD-A0C9-A68A2A88D400}.Release|Any CPU.ActiveCfg = Release|Any CPU
		{1C6CFD0A-8B90-44BD-A0C9-A68A2A88D400}.Release|Any CPU.Build.0 = Release|Any CPU
		{2F442315-A937-4881-9AD8-97C0D2280682}.Debug|Any CPU.ActiveCfg = Debug|Any CPU
		{2F442315-A937-4881-9AD8-97C0D2280682}.Debug|Any CPU.Build.0 = Debug|Any CPU
		{2F442315-A937-4881-9AD8-97C0D2280682}.Release|Any CPU.ActiveCfg = Release|Any CPU
		{2F442315-A937-4881-9AD8-97C0D2280682}.Release|Any CPU.Build.0 = Release|Any CPU
		{EC92DC29-AD99-4C00-859F-94514AA74E9F}.Debug|Any CPU.ActiveCfg = Debug|Any CPU
		{EC92DC29-AD99-4C00-859F-94514AA74E9F}.Debug|Any CPU.Build.0 = Debug|Any CPU
		{EC92DC29-AD99-4C00-859F-94514AA74E9F}.Release|Any CPU.ActiveCfg = Release|Any CPU
		{EC92DC29-AD99-4C00-859F-94514AA74E9F}.Release|Any CPU.Build.0 = Release|Any CPU
		{D4BE6E4E-2811-4BF9-95EC-CA82F3B01666}.Debug|Any CPU.ActiveCfg = Debug|Any CPU
		{D4BE6E4E-2811-4BF9-95EC-CA82F3B01666}.Debug|Any CPU.Build.0 = Debug|Any CPU
		{D4BE6E4E-2811-4BF9-95EC-CA82F3B01666}.Release|Any CPU.ActiveCfg = Release|Any CPU
		{D4BE6E4E-2811-4BF9-95EC-CA82F3B01666}.Release|Any CPU.Build.0 = Release|Any CPU
	EndGlobalSection
	GlobalSection(SolutionProperties) = preSolution
		HideSolutionNode = FALSE
	EndGlobalSection
	GlobalSection(ExtensibilityGlobals) = postSolution
		SolutionGuid = {2C985E9A-E4D8-497C-BAE0-F17A83A29AA9}
	EndGlobalSection
EndGlobal
